
Microsoft Visual Studio Solution File, Format Version 12.00
# Visual Studio Version 17
VisualStudioVersion = 17.0.32014.148
MinimumVisualStudioVersion = 10.0.40219.1
Project("{FAE04EC0-301F-11D3-BF4B-00C04F79EFBC}") = "KategoriUrunWinFormApp", "KategoriUrunWinFormApp\KategoriUrunWinFormApp.csproj", "{E2B061D7-033B-4E8B-BC02-FF6088D66DEA}"
EndProject
Global
	GlobalSection(SolutionConfigurationPlatforms) = preSolution
		Debug|Any CPU = Debug|Any CPU
		Release|Any CPU = Release|Any CPU
	EndGlobalSection
	GlobalSection(ProjectConfigurationPlatforms) = postSolution
		{E2B061D7-033B-4E8B-BC02-FF6088D66DEA}.Debug|Any CPU.ActiveCfg = Debug|Any CPU
		{E2B061D7-033B-4E8B-BC02-FF6088D66DEA}.Debug|Any CPU.Build.0 = Debug|Any CPU
		{E2B061D7-033B-4E8B-BC02-FF6088D66DEA}.Release|Any CPU.ActiveCfg = Release|Any CPU
		{E2B061D7-033B-4E8B-BC02-FF6088D66DEA}.Release|Any CPU.Build.0 = Release|Any CPU
	EndGlobalSection
	GlobalSection(SolutionProperties) = preSolution
		HideSolutionNode = FALSE
	EndGlobalSection
	GlobalSection(ExtensibilityGlobals) = postSolution
		SolutionGuid = {C0A6E981-EDFF-400A-A4F8-1D8B3178DBC9}
	EndGlobalSection
EndGlobal
